
Microsoft Visual Studio Solution File, Format Version 12.00
# Visual Studio Version 17
VisualStudioVersion = 17.4.33213.308
MinimumVisualStudioVersion = 10.0.40219.1
Project("{9A19103F-16F7-4668-BE54-9A1E7A4F7556}") = "Tutor_NET105_SM2024_BL1", "Tutor_NET105_SM2024_BL1\Tutor_NET105_SM2024_BL1.csproj", "{14EFA1F8-FC55-4C55-B95B-47C337238D57}"
EndProject
Project("{9A19103F-16F7-4668-BE54-9A1E7A4F7556}") = "AppAPI", "AppAPI\AppAPI.csproj", "{98A69B35-585B-4D0B-8E50-4E8041F3ABB8}"
EndProject
Project("{FAE04EC0-301F-11D3-BF4B-00C04F79EFBC}") = "CRUD_API", "CRUD_API\CRUD_API.csproj", "{DE89B0B1-0296-4B95-A2E1-B633E43353A9}"
EndProject
Global
	GlobalSection(SolutionConfigurationPlatforms) = preSolution
		Debug|Any CPU = Debug|Any CPU
		Release|Any CPU = Release|Any CPU
	EndGlobalSection
	GlobalSection(ProjectConfigurationPlatforms) = postSolution
		{14EFA1F8-FC55-4C55-B95B-47C337238D57}.Debug|Any CPU.ActiveCfg = Debug|Any CPU
		{14EFA1F8-FC55-4C55-B95B-47C337238D57}.Debug|Any CPU.Build.0 = Debug|Any CPU
		{14EFA1F8-FC55-4C55-B95B-47C337238D57}.Release|Any CPU.ActiveCfg = Release|Any CPU
		{14EFA1F8-FC55-4C55-B95B-47C337238D57}.Release|Any CPU.Build.0 = Release|Any CPU
		{98A69B35-585B-4D0B-8E50-4E8041F3ABB8}.Debug|Any CPU.ActiveCfg = Debug|Any CPU
		{98A69B35-585B-4D0B-8E50-4E8041F3ABB8}.Debug|Any CPU.Build.0 = Debug|Any CPU
		{98A69B35-585B-4D0B-8E50-4E8041F3ABB8}.Release|Any CPU.ActiveCfg = Release|Any CPU
		{98A69B35-585B-4D0B-8E50-4E8041F3ABB8}.Release|Any CPU.Build.0 = Release|Any CPU
		{DE89B0B1-0296-4B95-A2E1-B633E43353A9}.Debug|Any CPU.ActiveCfg = Debug|Any CPU
		{DE89B0B1-0296-4B95-A2E1-B633E43353A9}.Debug|Any CPU.Build.0 = Debug|Any CPU
		{DE89B0B1-0296-4B95-A2E1-B633E43353A9}.Release|Any CPU.ActiveCfg = Release|Any CPU
		{DE89B0B1-0296-4B95-A2E1-B633E43353A9}.Release|Any CPU.Build.0 = Release|Any CPU
	EndGlobalSection
	GlobalSection(SolutionProperties) = preSolution
		HideSolutionNode = FALSE
	EndGlobalSection
	GlobalSection(ExtensibilityGlobals) = postSolution
		SolutionGuid = {D4B8C1A1-6183-4AFD-A210-53E29C4DC03B}
	EndGlobalSection
EndGlobal
